
Microsoft Visual Studio Solution File, Format Version 12.00
# Visual Studio Version 17
VisualStudioVersion = 17.0.32112.339
MinimumVisualStudioVersion = 10.0.40219.1
Project("{FAE04EC0-301F-11D3-BF4B-00C04F79EFBC}") = "AccountApi", "AccountApi\AccountApi.csproj", "{7B70EB43-D8B6-4CA3-8B57-2B464293545A}"
EndProject
Global
	GlobalSection(SolutionConfigurationPlatforms) = preSolution
		Debug|Any CPU = Debug|Any CPU
		Release|Any CPU = Release|Any CPU
	EndGlobalSection
	GlobalSection(ProjectConfigurationPlatforms) = postSolution
		{7B70EB43-D8B6-4CA3-8B57-2B464293545A}.Debug|Any CPU.ActiveCfg = Debug|Any CPU
		{7B70EB43-D8B6-4CA3-8B57-2B464293545A}.Debug|Any CPU.Build.0 = Debug|Any CPU
		{7B70EB43-D8B6-4CA3-8B57-2B464293545A}.Release|Any CPU.ActiveCfg = Release|Any CPU
		{7B70EB43-D8B6-4CA3-8B57-2B464293545A}.Release|Any CPU.Build.0 = Release|Any CPU
	EndGlobalSection
	GlobalSection(SolutionProperties) = preSolution
		HideSolutionNode = FALSE
	EndGlobalSection
	GlobalSection(ExtensibilityGlobals) = postSolution
		SolutionGuid = {970C3CB4-4F7D-478B-881B-75AA50497D23}
	EndGlobalSection
EndGlobal
